
Microsoft Visual Studio Solution File, Format Version 12.00
# Visual Studio Version 17
VisualStudioVersion = 17.9.34622.214
MinimumVisualStudioVersion = 10.0.40219.1
Project("{8BC9CEB8-8B4A-11D0-8D11-00A0C91BC942}") = "Path-to-the-Creator-DLC1", "Path-to-the-Creator-DLC1.vcxproj", "{2DCD87A4-EB5E-4B76-AEA2-FC2343F77C86}"
EndProject
Project("{8BC9CEB8-8B4A-11D0-8D11-00A0C91BC942}") = "Steam", "..\Steam\Steam.vcxproj", "{C77DD028-819D-48A6-9D14-A5AA8783AF2C}"
EndProject
Global
	GlobalSection(SolutionConfigurationPlatforms) = preSolution
		Debug|x64 = Debug|x64
		Debug|x86 = Debug|x86
		Release|x64 = Release|x64
		Release|x86 = Release|x86
	EndGlobalSection
	GlobalSection(ProjectConfigurationPlatforms) = postSolution
		{2DCD87A4-EB5E-4B76-AEA2-FC2343F77C86}.Debug|x64.ActiveCfg = Debug|x64
		{2DCD87A4-EB5E-4B76-AEA2-FC2343F77C86}.Debug|x64.Build.0 = Debug|x64
		{2DCD87A4-EB5E-4B76-AEA2-FC2343F77C86}.Debug|x86.ActiveCfg = Debug|Win32
		{2DCD87A4-EB5E-4B76-AEA2-FC2343F77C86}.Debug|x86.Build.0 = Debug|Win32
		{2DCD87A4-EB5E-4B76-AEA2-FC2343F77C86}.Release|x64.ActiveCfg = Release|x64
		{2DCD87A4-EB5E-4B76-AEA2-FC2343F77C86}.Release|x64.Build.0 = Release|x64
		{2DCD87A4-EB5E-4B76-AEA2-FC2343F77C86}.Release|x86.ActiveCfg = Release|Win32
		{2DCD87A4-EB5E-4B76-AEA2-FC2343F77C86}.Release|x86.Build.0 = Release|Win32
		{C77DD028-819D-48A6-9D14-A5AA8783AF2C}.Debug|x64.ActiveCfg = Debug|x64
		{C77DD028-819D-48A6-9D14-A5AA8783AF2C}.Debug|x64.Build.0 = Debug|x64
		{C77DD028-819D-48A6-9D14-A5AA8783AF2C}.Debug|x86.ActiveCfg = Debug|Win32
		{C77DD028-819D-48A6-9D14-A5AA8783AF2C}.Debug|x86.Build.0 = Debug|Win32
		{C77DD028-819D-48A6-9D14-A5AA8783AF2C}.Release|x64.ActiveCfg = Release|x64
		{C77DD028-819D-48A6-9D14-A5AA8783AF2C}.Release|x64.Build.0 = Release|x64
		{C77DD028-819D-48A6-9D14-A5AA8783AF2C}.Release|x86.ActiveCfg = Release|Win32
		{C77DD028-819D-48A6-9D14-A5AA8783AF2C}.Release|x86.Build.0 = Release|Win32
	EndGlobalSection
	GlobalSection(SolutionProperties) = preSolution
		HideSolutionNode = FALSE
	EndGlobalSection
	GlobalSection(ExtensibilityGlobals) = postSolution
		SolutionGuid = {1122A4B8-84DB-4583-A411-119C3054F735}
	EndGlobalSection
EndGlobal
